// !$*UTF8*$!
{
	archiveVersion = 1;
	classes = {
	};
	objectVersion = 50;
	objects = {

/* Begin PBXBuildFile section */
		F41ACC7F2179E72100F9DF5E /* HistoryViewController.swift in Sources */ = {isa = PBXBuildFile; fileRef = F41ACC7E2179E72100F9DF5E /* HistoryViewController.swift */; };
		F467CBE92176891E00980B83 /* AppDelegate.swift in Sources */ = {isa = PBXBuildFile; fileRef = F467CBE82176891E00980B83 /* AppDelegate.swift */; };
		F467CBEB2176891E00980B83 /* ViewController.swift in Sources */ = {isa = PBXBuildFile; fileRef = F467CBEA2176891E00980B83 /* ViewController.swift */; };
		F467CBEE2176891E00980B83 /* Main.storyboard in Resources */ = {isa = PBXBuildFile; fileRef = F467CBEC2176891E00980B83 /* Main.storyboard */; };
		F467CBF02176891F00980B83 /* Assets.xcassets in Resources */ = {isa = PBXBuildFile; fileRef = F467CBEF2176891F00980B83 /* Assets.xcassets */; };
		F467CBF32176891F00980B83 /* LaunchScreen.storyboard in Resources */ = {isa = PBXBuildFile; fileRef = F467CBF12176891F00980B83 /* LaunchScreen.storyboard */; };
		F467CBFE2176891F00980B83 /* simple_calcTests.swift in Sources */ = {isa = PBXBuildFile; fileRef = F467CBFD2176891F00980B83 /* simple_calcTests.swift */; };
		F467CC092176891F00980B83 /* simple_calcUITests.swift in Sources */ = {isa = PBXBuildFile; fileRef = F467CC082176891F00980B83 /* simple_calcUITests.swift */; };
/* End PBXBuildFile section */

/* Begin PBXContainerItemProxy section */
		F467CBFA2176891F00980B83 /* PBXContainerItemProxy */ = {
			isa = PBXContainerItemProxy;
			containerPortal = F467CBDD2176891E00980B83 /* Project object */;
			proxyType = 1;
			remoteGlobalIDString = F467CBE42176891E00980B83;
			remoteInfo = "simple-calc";
		};
		F467CC052176891F00980B83 /* PBXContainerItemProxy */ = {
			isa = PBXContainerItemProxy;
			containerPortal = F467CBDD2176891E00980B83 /* Project object */;
			proxyType = 1;
			remoteGlobalIDString = F467CBE42176891E00980B83;
			remoteInfo = "simple-calc";
		};
/* End PBXContainerItemProxy section */

/* Begin PBXFileReference section */
		F41ACC7E2179E72100F9DF5E /* HistoryViewController.swift */ = {isa = PBXFileReference; lastKnownFileType = sourcecode.swift; path = HistoryViewController.swift; sourceTree = "<group>"; };
		F467CBE52176891E00980B83 /* simple-calc.app */ = {isa = PBXFileReference; explicitFileType = wrapper.application; includeInIndex = 0; path = "simple-calc.app"; sourceTree = BUILT_PRODUCTS_DIR; };
		F467CBE82176891E00980B83 /* AppDelegate.swift */ = {isa = PBXFileReference; lastKnownFileType = sourcecode.swift; path = AppDelegate.swift; sourceTree = "<group>"; };
		F467CBEA2176891E00980B83 /* ViewController.swift */ = {isa = PBXFileReference; lastKnownFileType = sourcecode.swift; path = ViewController.swift; sourceTree = "<group>"; };
		F467CBED2176891E00980B83 /* Base */ = {isa = PBXFileReference; lastKnownFileType = file.storyboard; name = Base; path = Base.lproj/Main.storyboard; sourceTree = "<group>"; };
		F467CBEF2176891F00980B83 /* Assets.xcassets */ = {isa = PBXFileReference; lastKnownFileType = folder.assetcatalog; path = Assets.xcassets; sourceTree = "<group>"; };
		F467CBF22176891F00980B83 /* Base */ = {isa = PBXFileReference; lastKnownFileType = file.storyboard; name = Base; path = Base.lproj/LaunchScreen.storyboard; sourceTree = "<group>"; };
		F467CBF42176891F00980B83 /* Info.plist */ = {isa = PBXFileReference; lastKnownFileType = text.plist.xml; path = Info.plist; sourceTree = "<group>"; };
		F467CBF92176891F00980B83 /* simple-calcTests.xctest */ = {isa = PBXFileReference; explicitFileType = wrapper.cfbundle; includeInIndex = 0; path = "simple-calcTests.xctest"; sourceTree = BUILT_PRODUCTS_DIR; };
		F467CBFD2176891F00980B83 /* simple_calcTests.swift */ = {isa = PBXFileReference; lastKnownFileType = sourcecode.swift; path = simple_calcTests.swift; sourceTree = "<group>"; };
		F467CBFF2176891F00980B83 /* Info.plist */ = {isa = PBXFileReference; lastKnownFileType = text.plist.xml; path = Info.plist; sourceTree = "<group>"; };
		F467CC042176891F00980B83 /* simple-calcUITests.xctest */ = {isa = PBXFileReference; explicitFileType = wrapper.cfbundle; includeInIndex = 0; path = "simple-calcUITests.xctest"; sourceTree = BUILT_PRODUCTS_DIR; };
		F467CC082176891F00980B83 /* simple_calcUITests.swift */ = {isa = PBXFileReference; lastKnownFileType = sourcecode.swift; path = simple_calcUITests.swift; sourceTree = "<group>"; };
		F467CC0A2176891F00980B83 /* Info.plist */ = {isa = PBXFileReference; lastKnownFileType = text.plist.xml; path = Info.plist; sourceTree = "<group>"; };
/* End PBXFileReference section */

/* Begin PBXFrameworksBuildPhase section */
		F467CBE22176891E00980B83 /* Frameworks */ = {
			isa = PBXFrameworksBuildPhase;
			buildActionMask = 2147483647;
			files = (
			);
			runOnlyForDeploymentPostprocessing = 0;
		};
		F467CBF62176891F00980B83 /* Frameworks */ = {
			isa = PBXFrameworksBuildPhase;
			buildActionMask = 2147483647;
			files = (
			);
			runOnlyForDeploymentPostprocessing = 0;
		};
		F467CC012176891F00980B83 /* Frameworks */ = {
			isa = PBXFrameworksBuildPhase;
			buildActionMask = 2147483647;
			files = (
			);
			runOnlyForDeploymentPostprocessing = 0;
		};
/* End PBXFrameworksBuildPhase section */

/* Begin PBXGroup section */
		F467CBDC2176891E00980B83 = {
			isa = PBXGroup;
			children = (
				F467CBE72176891E00980B83 /* simple-calc */,
				F467CBFC2176891F00980B83 /* simple-calcTests */,
				F467CC072176891F00980B83 /* simple-calcUITests */,
				F467CBE62176891E00980B83 /* Products */,
			);
			sourceTree = "<group>";
		};
		F467CBE62176891E00980B83 /* Products */ = {
			isa = PBXGroup;
			children = (
				F467CBE52176891E00980B83 /* simple-calc.app */,
				F467CBF92176891F00980B83 /* simple-calcTests.xctest */,
				F467CC042176891F00980B83 /* simple-calcUITests.xctest */,
			);
			name = Products;
			sourceTree = "<group>";
		};
		F467CBE72176891E00980B83 /* simple-calc */ = {
			isa = PBXGroup;
			children = (
				F467CBE82176891E00980B83 /* AppDelegate.swift */,
				F467CBEA2176891E00980B83 /* ViewController.swift */,
				F467CBEC2176891E00980B83 /* Main.storyboard */,
				F41ACC7E2179E72100F9DF5E /* HistoryViewController.swift */,
				F467CBEF2176891F00980B83 /* Assets.xcassets */,
				F467CBF12176891F00980B83 /* LaunchScreen.storyboard */,
				F467CBF42176891F00980B83 /* Info.plist */,
			);
			path = "simple-calc";
			sourceTree = "<group>";
		};
		F467CBFC2176891F00980B83 /* simple-calcTests */ = {
			isa = PBXGroup;
			children = (
				F467CBFD2176891F00980B83 /* simple_calcTests.swift */,
				F467CBFF2176891F00980B83 /* Info.plist */,
			);
			path = "simple-calcTests";
			sourceTree = "<group>";
		};
		F467CC072176891F00980B83 /* simple-calcUITests */ = {
			isa = PBXGroup;
			children = (
				F467CC082176891F00980B83 /* simple_calcUITests.swift */,
				F467CC0A2176891F00980B83 /* Info.plist */,
			);
			path = "simple-calcUITests";
			sourceTree = "<group>";
		};
/* End PBXGroup section */

/* Begin PBXNativeTarget section */
		F467CBE42176891E00980B83 /* simple-calc */ = {
			isa = PBXNativeTarget;
			buildConfigurationList = F467CC0D2176891F00980B83 /* Build configuration list for PBXNativeTarget "simple-calc" */;
			buildPhases = (
				F467CBE12176891E00980B83 /* Sources */,
				F467CBE22176891E00980B83 /* Frameworks */,
				F467CBE32176891E00980B83 /* Resources */,
			);
			buildRules = (
			);
			dependencies = (
			);
			name = "simple-calc";
			productName = "simple-calc";
			productReference = F467CBE52176891E00980B83 /* simple-calc.app */;
			productType = "com.apple.product-type.application";
		};
		F467CBF82176891F00980B83 /* simple-calcTests */ = {
			isa = PBXNativeTarget;
			buildConfigurationList = F467CC102176891F00980B83 /* Build configuration list for PBXNativeTarget "simple-calcTests" */;
			buildPhases = (
				F467CBF52176891F00980B83 /* Sources */,
				F467CBF62176891F00980B83 /* Frameworks */,
				F467CBF72176891F00980B83 /* Resources */,
			);
			buildRules = (
			);
			dependencies = (
				F467CBFB2176891F00980B83 /* PBXTargetDependency */,
			);
			name = "simple-calcTests";
			productName = "simple-calcTests";
			productReference = F467CBF92176891F00980B83 /* simple-calcTests.xctest */;
			productType = "com.apple.product-type.bundle.unit-test";
		};
		F467CC032176891F00980B83 /* simple-calcUITests */ = {
			isa = PBXNativeTarget;
			buildConfigurationList = F467CC132176891F00980B83 /* Build configuration list for PBXNativeTarget "simple-calcUITests" */;
			buildPhases = (
				F467CC002176891F00980B83 /* Sources */,
				F467CC012176891F00980B83 /* Frameworks */,
				F467CC022176891F00980B83 /* Resources */,
			);
			buildRules = (
			);
			dependencies = (
				F467CC062176891F00980B83 /* PBXTargetDependency */,
			);
			name = "simple-calcUITests";
			productName = "simple-calcUITests";
			productReference = F467CC042176891F00980B83 /* simple-calcUITests.xctest */;
			productType = "com.apple.product-type.bundle.ui-testing";
		};
/* End PBXNativeTarget section */

/* Begin PBXProject section */
		F467CBDD2176891E00980B83 /* Project object */ = {
			isa = PBXProject;
			attributes = {
				LastSwiftUpdateCheck = 1000;
				LastUpgradeCheck = 1000;
				ORGANIZATIONNAME = "Aaron Nguyen";
				TargetAttributes = {
					F467CBE42176891E00980B83 = {
						CreatedOnToolsVersion = 10.0;
					};
					F467CBF82176891F00980B83 = {
						CreatedOnToolsVersion = 10.0;
						TestTargetID = F467CBE42176891E00980B83;
					};
					F467CC032176891F00980B83 = {
						CreatedOnToolsVersion = 10.0;
						TestTargetID = F467CBE42176891E00980B83;
					};
				};
			};
			buildConfigurationList = F467CBE02176891E00980B83 /* Build configuration list for PBXProject "simple-calc" */;
			compatibilityVersion = "Xcode 9.3";
			developmentRegion = en;
			hasScannedForEncodings = 0;
			knownRegions = (
				en,
				Base,
			);
			mainGroup = F467CBDC2176891E00980B83;
			productRefGroup = F467CBE62176891E00980B83 /* Products */;
			projectDirPath = "";
			projectRoot = "";
			targets = (
				F467CBE42176891E00980B83 /* simple-calc */,
				F467CBF82176891F00980B83 /* simple-calcTests */,
				F467CC032176891F00980B83 /* simple-calcUITests */,
			);
		};
/* End PBXProject section */

/* Begin PBXResourcesBuildPhase section */
		F467CBE32176891E00980B83 /* Resources */ = {
			isa = PBXResourcesBuildPhase;
			buildActionMask = 2147483647;
			files = (
				F467CBF32176891F00980B83 /* LaunchScreen.storyboard in Resources */,
				F467CBF02176891F00980B83 /* Assets.xcassets in Resources */,
				F467CBEE2176891E00980B83 /* Main.storyboard in Resources */,
			);
			runOnlyForDeploymentPostprocessing = 0;
		};
		F467CBF72176891F00980B83 /* Resources */ = {
			isa = PBXResourcesBuildPhase;
			buildActionMask = 2147483647;
			files = (
			);
			runOnlyForDeploymentPostprocessing = 0;
		};
		F467CC022176891F00980B83 /* Resources */ = {
			isa = PBXResourcesBuildPhase;
			buildActionMask = 2147483647;
			files = (
			);
			runOnlyForDeploymentPostprocessing = 0;
		};
/* End PBXResourcesBuildPhase section */

/* Begin PBXSourcesBuildPhase section */
		F467CBE12176891E00980B83 /* Sources */ = {
			isa = PBXSourcesBuildPhase;
			buildActionMask = 2147483647;
			files = (
				F41ACC7F2179E72100F9DF5E /* HistoryViewController.swift in Sources */,
				F467CBEB2176891E00980B83 /* ViewController.swift in Sources */,
				F467CBE92176891E00980B83 /* AppDelegate.swift in Sources */,
			);
			runOnlyForDeploymentPostprocessing = 0;
		};
		F467CBF52176891F00980B83 /* Sources */ = {
			isa = PBXSourcesBuildPhase;
			buildActionMask = 2147483647;
			files = (
				F467CBFE2176891F00980B83 /* simple_calcTests.swift in Sources */,
			);
			runOnlyForDeploymentPostprocessing = 0;
		};
		F467CC002176891F00980B83 /* Sources */ = {
			isa = PBXSourcesBuildPhase;
			buildActionMask = 2147483647;
			files = (
				F467CC092176891F00980B83 /* simple_calcUITests.swift in Sources */,
			);
			runOnlyForDeploymentPostprocessing = 0;
		};
/* End PBXSourcesBuildPhase section */

/* Begin PBXTargetDependency section */
		F467CBFB2176891F00980B83 /* PBXTargetDependency */ = {
			isa = PBXTargetDependency;
			target = F467CBE42176891E00980B83 /* simple-calc */;
			targetProxy = F467CBFA2176891F00980B83 /* PBXContainerItemProxy */;
		};
		F467CC062176891F00980B83 /* PBXTargetDependency */ = {
			isa = PBXTargetDependency;
			target = F467CBE42176891E00980B83 /* simple-calc */;
			targetProxy = F467CC052176891F00980B83 /* PBXContainerItemProxy */;
		};
/* End PBXTargetDependency section */

/* Begin PBXVariantGroup section */
		F467CBEC2176891E00980B83 /* Main.storyboard */ = {
			isa = PBXVariantGroup;
			children = (
				F467CBED2176891E00980B83 /* Base */,
			);
			name = Main.storyboard;
			sourceTree = "<group>";
		};
		F467CBF12176891F00980B83 /* LaunchScreen.storyboard */ = {
			isa = PBXVariantGroup;
			children = (
				F467CBF22176891F00980B83 /* Base */,
			);
			name = LaunchScreen.storyboard;
			sourceTree = "<group>";
		};
/* End PBXVariantGroup section */

/* Begin XCBuildConfiguration section */
		F467CC0B2176891F00980B83 /* Debug */ = {
			isa = XCBuildConfiguration;
			buildSettings = {
				ALWAYS_SEARCH_USER_PATHS = NO;
				CLANG_ANALYZER_NONNULL = YES;
				CLANG_ANALYZER_NUMBER_OBJECT_CONVERSION = YES_AGGRESSIVE;
				CLANG_CXX_LANGUAGE_STANDARD = "gnu++14";
				CLANG_CXX_LIBRARY = "libc++";
				CLANG_ENABLE_MODULES = YES;
				CLANG_ENABLE_OBJC_ARC = YES;
				CLANG_ENABLE_OBJC_WEAK = YES;
				CLANG_WARN_BLOCK_CAPTURE_AUTORELEASING = YES;
				CLANG_WARN_BOOL_CONVERSION = YES;
				CLANG_WARN_COMMA = YES;
				CLANG_WARN_CONSTANT_CONVERSION = YES;
				CLANG_WARN_DEPRECATED_OBJC_IMPLEMENTATIONS = YES;
				CLANG_WARN_DIRECT_OBJC_ISA_USAGE = YES_ERROR;
				CLANG_WARN_DOCUMENTATION_COMMENTS = YES;
				CLANG_WARN_EMPTY_BODY = YES;
				CLANG_WARN_ENUM_CONVERSION = YES;
				CLANG_WARN_INFINITE_RECURSION = YES;
				CLANG_WARN_INT_CONVERSION = YES;
				CLANG_WARN_NON_LITERAL_NULL_CONVERSION = YES;
				CLANG_WARN_OBJC_IMPLICIT_RETAIN_SELF = YES;
				CLANG_WARN_OBJC_LITERAL_CONVERSION = YES;
				CLANG_WARN_OBJC_ROOT_CLASS = YES_ERROR;
				CLANG_WARN_RANGE_LOOP_ANALYSIS = YES;
				CLANG_WARN_STRICT_PROTOTYPES = YES;
				CLANG_WARN_SUSPICIOUS_MOVE = YES;
				CLANG_WARN_UNGUARDED_AVAILABILITY = YES_AGGRESSIVE;
				CLANG_WARN_UNREACHABLE_CODE = YES;
				CLANG_WARN__DUPLICATE_METHOD_MATCH = YES;
				CODE_SIGN_IDENTITY = "iPhone Developer";
				COPY_PHASE_STRIP = NO;
				DEBUG_INFORMATION_FORMAT = dwarf;
				ENABLE_STRICT_OBJC_MSGSEND = YES;
				ENABLE_TESTABILITY = YES;
				GCC_C_LANGUAGE_STANDARD = gnu11;
				GCC_DYNAMIC_NO_PIC = NO;
				GCC_NO_COMMON_BLOCKS = YES;
				GCC_OPTIMIZATION_LEVEL = 0;
				GCC_PREPROCESSOR_DEFINITIONS = (
					"DEBUG=1",
					"$(inherited)",
				);
				GCC_WARN_64_TO_32_BIT_CONVERSION = YES;
				GCC_WARN_ABOUT_RETURN_TYPE = YES_ERROR;
				GCC_WARN_UNDECLARED_SELECTOR = YES;
				GCC_WARN_UNINITIALIZED_AUTOS = YES_AGGRESSIVE;
				GCC_WARN_UNUSED_FUNCTION = YES;
				GCC_WARN_UNUSED_VARIABLE = YES;
				IPHONEOS_DEPLOYMENT_TARGET = 12.0;
				MTL_ENABLE_DEBUG_INFO = INCLUDE_SOURCE;
				MTL_FAST_MATH = YES;
				ONLY_ACTIVE_ARCH = YES;
				SDKROOT = iphoneos;
				SWIFT_ACTIVE_COMPILATION_CONDITIONS = DEBUG;
				SWIFT_OPTIMIZATION_LEVEL = "-Onone";
			};
			name = Debug;
		};
		F467CC0C2176891F00980B83 /* Release */ = {
			isa = XCBuildConfiguration;
			buildSettings = {
				ALWAYS_SEARCH_USER_PATHS = NO;
				CLANG_ANALYZER_NONNULL = YES;
				CLANG_ANALYZER_NUMBER_OBJECT_CONVERSION = YES_AGGRESSIVE;
				CLANG_CXX_LANGUAGE_STANDARD = "gnu++14";
				CLANG_CXX_LIBRARY = "libc++";
				CLANG_ENABLE_MODULES = YES;
				CLANG_ENABLE_OBJC_ARC = YES;
				CLANG_ENABLE_OBJC_WEAK = YES;
				CLANG_WARN_BLOCK_CAPTURE_AUTORELEASING = YES;
				CLANG_WARN_BOOL_CONVERSION = YES;
				CLANG_WARN_COMMA = YES;
				CLANG_WARN_CONSTANT_CONVERSION = YES;
				CLANG_WARN_DEPRECATED_OBJC_IMPLEMENTATIONS = YES;
				CLANG_WARN_DIRECT_OBJC_ISA_USAGE = YES_ERROR;
				CLANG_WARN_DOCUMENTATION_COMMENTS = YES;
				CLANG_WARN_EMPTY_BODY = YES;
				CLANG_WARN_ENUM_CONVERSION = YES;
				CLANG_WARN_INFINITE_RECURSION = YES;
				CLANG_WARN_INT_CONVERSION = YES;
				CLANG_WARN_NON_LITERAL_NULL_CONVERSION = YES;
				CLANG_WARN_OBJC_IMPLICIT_RETAIN_SELF = YES;
				CLANG_WARN_OBJC_LITERAL_CONVERSION = YES;
				CLANG_WARN_OBJC_ROOT_CLASS = YES_ERROR;
				CLANG_WARN_RANGE_LOOP_ANALYSIS = YES;
				CLANG_WARN_STRICT_PROTOTYPES = YES;
				CLANG_WARN_SUSPICIOUS_MOVE = YES;
				CLANG_WARN_UNGUARDED_AVAILABILITY = YES_AGGRESSIVE;
				CLANG_WARN_UNREACHABLE_CODE = YES;
				CLANG_WARN__DUPLICATE_METHOD_MATCH = YES;
				CODE_SIGN_IDENTITY = "iPhone Developer";
				COPY_PHASE_STRIP = NO;
				DEBUG_INFORMATION_FORMAT = "dwarf-with-dsym";
				ENABLE_NS_ASSERTIONS = NO;
				ENABLE_STRICT_OBJC_MSGSEND = YES;
				GCC_C_LANGUAGE_STANDARD = gnu11;
				GCC_NO_COMMON_BLOCKS = YES;
				GCC_WARN_64_TO_32_BIT_CONVERSION = YES;
				GCC_WARN_ABOUT_RETURN_TYPE = YES_ERROR;
				GCC_WARN_UNDECLARED_SELECTOR = YES;
				GCC_WARN_UNINITIALIZED_AUTOS = YES_AGGRESSIVE;
				GCC_WARN_UNUSED_FUNCTION = YES;
				GCC_WARN_UNUSED_VARIABLE = YES;
				IPHONEOS_DEPLOYMENT_TARGET = 12.0;
				MTL_ENABLE_DEBUG_INFO = NO;
				MTL_FAST_MATH = YES;
				SDKROOT = iphoneos;
				SWIFT_COMPILATION_MODE = wholemodule;
				SWIFT_OPTIMIZATION_LEVEL = "-O";
				VALIDATE_PRODUCT = YES;
			};
			name = Release;
		};
		F467CC0E2176891F00980B83 /* Debug */ = {
			isa = XCBuildConfiguration;
			buildSettings = {
				ASSETCATALOG_COMPILER_APPICON_NAME = AppIcon;
				CODE_SIGN_STYLE = Automatic;
				DEVELOPMENT_TEAM = DN5JPQ5Z2H;
				INFOPLIST_FILE = "simple-calc/Info.plist";
				LD_RUNPATH_SEARCH_PATHS = (
					"$(inherited)",
					"@executable_path/Frameworks",
				);
				PRODUCT_BUNDLE_IDENTIFIER = "com.aaronnguyen.simple-calc";
				PRODUCT_NAME = "$(TARGET_NAME)";
				SWIFT_VERSION = 4.2;
				TARGETED_DEVICE_FAMILY = "1,2";
			};
			name = Debug;
		};
		F467CC0F2176891F00980B83 /* Release */ = {
			isa = XCBuildConfiguration;
			buildSettings = {
				ASSETCATALOG_COMPILER_APPICON_NAME = AppIcon;
				CODE_SIGN_STYLE = Automatic;
				DEVELOPMENT_TEAM = DN5JPQ5Z2H;
				INFOPLIST_FILE = "simple-calc/Info.plist";
				LD_RUNPATH_SEARCH_PATHS = (
					"$(inherited)",
					"@executable_path/Frameworks",
				);
				PRODUCT_BUNDLE_IDENTIFIER = "com.aaronnguyen.simple-calc";
				PRODUCT_NAME = "$(TARGET_NAME)";
				SWIFT_VERSION = 4.2;
				TARGETED_DEVICE_FAMILY = "1,2";
			};
			name = Release;
		};
		F467CC112176891F00980B83 /* Debug */ = {
			isa = XCBuildConfiguration;
			buildSettings = {
				ALWAYS_EMBED_SWIFT_STANDARD_LIBRARIES = YES;
				BUNDLE_LOADER = "$(TEST_HOST)";
				CODE_SIGN_STYLE = Automatic;
				DEVELOPMENT_TEAM = DN5JPQ5Z2H;
				INFOPLIST_FILE = "simple-calcTests/Info.plist";
				LD_RUNPATH_SEARCH_PATHS = (
					"$(inherited)",
					"@executable_path/Frameworks",
					"@loader_path/Frameworks",
				);
				PRODUCT_BUNDLE_IDENTIFIER = "com.aaronnguyen.simple-calcTests";
				PRODUCT_NAME = "$(TARGET_NAME)";
				SWIFT_VERSION = 4.2;
				TARGETED_DEVICE_FAMILY = "1,2";
				TEST_HOST = "$(BUILT_PRODUCTS_DIR)/simple-calc.app/simple-calc";
			};
			name = Debug;
		};
		F467CC122176891F00980B83 /* Release */ = {
			isa = XCBuildConfiguration;
			buildSettings = {
				ALWAYS_EMBED_SWIFT_STANDARD_LIBRARIES = YES;
				BUNDLE_LOADER = "$(TEST_HOST)";
				CODE_SIGN_STYLE = Automatic;
				DEVELOPMENT_TEAM = DN5JPQ5Z2H;
				INFOPLIST_FILE = "simple-calcTests/Info.plist";
				LD_RUNPATH_SEARCH_PATHS = (
					"$(inherited)",
					"@executable_path/Frameworks",
					"@loader_path/Frameworks",
				);
				PRODUCT_BUNDLE_IDENTIFIER = "com.aaronnguyen.simple-calcTests";
				PRODUCT_NAME = "$(TARGET_NAME)";
				SWIFT_VERSION = 4.2;
				TARGETED_DEVICE_FAMILY = "1,2";
				TEST_HOST = "$(BUILT_PRODUCTS_DIR)/simple-calc.app/simple-calc";
			};
			name = Release;
		};
		F467CC142176891F00980B83 /* Debug */ = {
			isa = XCBuildConfiguration;
			buildSettings = {
				ALWAYS_EMBED_SWIFT_STANDARD_LIBRARIES = YES;
				CODE_SIGN_STYLE = Automatic;
				DEVELOPMENT_TEAM = DN5JPQ5Z2H;
				INFOPLIST_FILE = "simple-calcUITests/Info.plist";
				LD_RUNPATH_SEARCH_PATHS = (
					"$(inherited)",
					"@executable_path/Frameworks",
					"@loader_path/Frameworks",
				);
				PRODUCT_BUNDLE_IDENTIFIER = "com.aaronnguyen.simple-calcUITests";
				PRODUCT_NAME = "$(TARGET_NAME)";
				SWIFT_VERSION = 4.2;
				TARGETED_DEVICE_FAMILY = "1,2";
				TEST_TARGET_NAME = "simple-calc";
			};
			name = Debug;
		};
		F467CC152176891F00980B83 /* Release */ = {
			isa = XCBuildConfiguration;
			buildSettings = {
				ALWAYS_EMBED_SWIFT_STANDARD_LIBRARIES = YES;
				CODE_SIGN_STYLE = Automatic;
				DEVELOPMENT_TEAM = DN5JPQ5Z2H;
				INFOPLIST_FILE = "simple-calcUITests/Info.plist";
				LD_RUNPATH_SEARCH_PATHS = (
					"$(inherited)",
					"@executable_path/Frameworks",
					"@loader_path/Frameworks",
				);
				PRODUCT_BUNDLE_IDENTIFIER = "com.aaronnguyen.simple-calcUITests";
				PRODUCT_NAME = "$(TARGET_NAME)";
				SWIFT_VERSION = 4.2;
				TARGETED_DEVICE_FAMILY = "1,2";
				TEST_TARGET_NAME = "simple-calc";
			};
			name = Release;
		};
/* End XCBuildConfiguration section */

/* Begin XCConfigurationList section */
		F467CBE02176891E00980B83 /* Build configuration list for PBXProject "simple-calc" */ = {
			isa = XCConfigurationList;
			buildConfigurations = (
				F467CC0B2176891F00980B83 /* Debug */,
				F467CC0C2176891F00980B83 /* Release */,
			);
			defaultConfigurationIsVisible = 0;
			defaultConfigurationName = Release;
		};
		F467CC0D2176891F00980B83 /* Build configuration list for PBXNativeTarget "simple-calc" */ = {
			isa = XCConfigurationList;
			buildConfigurations = (
				F467CC0E2176891F00980B83 /* Debug */,
				F467CC0F2176891F00980B83 /* Release */,
			);
			defaultConfigurationIsVisible = 0;
			defaultConfigurationName = Release;
		};
		F467CC102176891F00980B83 /* Build configuration list for PBXNativeTarget "simple-calcTests" */ = {
			isa = XCConfigurationList;
			buildConfigurations = (
				F467CC112176891F00980B83 /* Debug */,
				F467CC122176891F00980B83 /* Release */,
			);
			defaultConfigurationIsVisible = 0;
			defaultConfigurationName = Release;
		};
		F467CC132176891F00980B83 /* Build configuration list for PBXNativeTarget "simple-calcUITests" */ = {
			isa = XCConfigurationList;
			buildConfigurations = (
				F467CC142176891F00980B83 /* Debug */,
				F467CC152176891F00980B83 /* Release */,
			);
			defaultConfigurationIsVisible = 0;
			defaultConfigurationName = Release;
		};
/* End XCConfigurationList section */
	};
	rootObject = F467CBDD2176891E00980B83 /* Project object */;
}
